
Microsoft Visual Studio Solution File, Format Version 12.00
# Visual Studio 2012
Project("{FAE04EC0-301F-11D3-BF4B-00C04F79EFBC}") = "BasicAnimatedModel", "BasicAnimatedModel\BasicAnimatedModel.csproj", "{B504B06C-10CB-4440-89DD-7DE34FB86159}"
EndProject
Project("{FAE04EC0-301F-11D3-BF4B-00C04F79EFBC}") = "BasicQuad", "BasicQuad\BasicQuad.csproj", "{D2814BA7-628F-43E4-8DAC-CF85CF129A50}"
EndProject
Project("{FAE04EC0-301F-11D3-BF4B-00C04F79EFBC}") = "BasicTexturedQuad", "BasicTexturedQuad\BasicTexturedQuad.csproj", "{BF14EB2D-669E-40AC-AB5F-693A5C0A5A9F}"
EndProject
Project("{FAE04EC0-301F-11D3-BF4B-00C04F79EFBC}") = "BasicSpritesheet", "BasicSpritesheet\BasicSpritesheet.csproj", "{97E0A02C-D46A-4057-88B2-E13C7C356883}"
EndProject
Project("{FAE04EC0-301F-11D3-BF4B-00C04F79EFBC}") = "BasicSpriteAnimation", "BasicSpriteAnimation\BasicSpriteAnimation.csproj", "{5A0CA1D0-7D83-4A80-9AED-7B01BB504BE1}"
EndProject
Project("{FAE04EC0-301F-11D3-BF4B-00C04F79EFBC}") = "BasicCameras", "BasicCameras\BasicCameras.csproj", "{7FA9B58F-9F21-460B-9CD9-C0558FFBF21F}"
EndProject
Project("{FAE04EC0-301F-11D3-BF4B-00C04F79EFBC}") = "BasicFrameBuffer", "BasicFrameBuffer\BasicFrameBuffer.csproj", "{5BE6D79A-E6EB-4DB6-AC7F-9FA3BB4A3D11}"
EndProject
Project("{FAE04EC0-301F-11D3-BF4B-00C04F79EFBC}") = "BasicTransition", "BasicTransition\BasicTransition.csproj", "{2D1C5FFB-7960-4150-B5B2-390F0AB1D35F}"
EndProject
Project("{FAE04EC0-301F-11D3-BF4B-00C04F79EFBC}") = "BasicCoroutine", "BasicCoroutine\BasicCoroutine.csproj", "{531D8B1D-58BE-4C66-9EB1-912548928508}"
EndProject
Project("{FAE04EC0-301F-11D3-BF4B-00C04F79EFBC}") = "BasicBitmapText", "BasicBitmapText\BasicBitmapText.csproj", "{511D5A82-1D3A-4200-9ED6-6704AB8B6978}"
EndProject
Project("{FAE04EC0-301F-11D3-BF4B-00C04F79EFBC}") = "Basic9Slice", "Basic9Slice\Basic9Slice.csproj", "{42784C5E-B51F-47BF-BA76-4731D496D1F7}"
EndProject
Project("{FAE04EC0-301F-11D3-BF4B-00C04F79EFBC}") = "BasicUI", "BasicUI\BasicUI.csproj", "{E9A1CA4C-9637-4562-85B7-EE768565A37D}"
EndProject
Project("{FAE04EC0-301F-11D3-BF4B-00C04F79EFBC}") = "BasicCanvas", "BasicCanvas\BasicCanvas.csproj", "{BC7CECDF-7202-489E-ACB2-16886D8BBB3C}"
EndProject
Project("{FAE04EC0-301F-11D3-BF4B-00C04F79EFBC}") = "BasicSceneSwitch", "BasicSceneSwitch\BasicSceneSwitch.csproj", "{77FC8274-0E08-4370-8804-9ED12D47B002}"
EndProject
Project("{FAE04EC0-301F-11D3-BF4B-00C04F79EFBC}") = "BasicFreeType", "BasicFreeType\BasicFreeType.csproj", "{D1CE1D2C-12FC-4757-B1B1-77D07267E8D4}"
EndProject
Project("{FAE04EC0-301F-11D3-BF4B-00C04F79EFBC}") = "BasicShader", "BasicShader\BasicShader.csproj", "{AFC793F1-60E7-42D4-AEFF-20EFA28D6BC3}"
EndProject
Project("{FAE04EC0-301F-11D3-BF4B-00C04F79EFBC}") = "BasicInput", "BasicInput\BasicInput.csproj", "{A12611BE-A125-43A4-A6E8-20D8E02C4F29}"
EndProject
Project("{FAE04EC0-301F-11D3-BF4B-00C04F79EFBC}") = "BasicSpriteBatch", "BasicSpriteBatch\BasicSpriteBatch.csproj", "{3B18D636-B984-45AC-9DB0-5072F2C34987}"
EndProject
Project("{FAE04EC0-301F-11D3-BF4B-00C04F79EFBC}") = "BasicSound", "BasicSound\BasicSound.csproj", "{DDDD9FFA-2E14-49AD-8021-9096FDB04992}"
EndProject
Project("{FAE04EC0-301F-11D3-BF4B-00C04F79EFBC}") = "BasicLighting", "BasicLighting\BasicLighting.csproj", "{3DE506BA-E071-4ACC-A29B-6890D23C3EF2}"
EndProject
Global
	GlobalSection(SolutionConfigurationPlatforms) = preSolution
		Debug|x86 = Debug|x86
		Release|x86 = Release|x86
		Debug|iPhoneSimulator = Debug|iPhoneSimulator
		Release|iPhoneSimulator = Release|iPhoneSimulator
		Debug|iPhone = Debug|iPhone
		Release|iPhone = Release|iPhone
		Ad-Hoc|iPhone = Ad-Hoc|iPhone
		AppStore|iPhone = AppStore|iPhone
	EndGlobalSection
	GlobalSection(ProjectConfigurationPlatforms) = postSolution
		{2D1C5FFB-7960-4150-B5B2-390F0AB1D35F}.Ad-Hoc|iPhone.ActiveCfg = Debug|x86
		{2D1C5FFB-7960-4150-B5B2-390F0AB1D35F}.Ad-Hoc|iPhone.Build.0 = Debug|x86
		{2D1C5FFB-7960-4150-B5B2-390F0AB1D35F}.AppStore|iPhone.ActiveCfg = Debug|x86
		{2D1C5FFB-7960-4150-B5B2-390F0AB1D35F}.AppStore|iPhone.Build.0 = Debug|x86
		{2D1C5FFB-7960-4150-B5B2-390F0AB1D35F}.Debug|iPhone.ActiveCfg = Debug|x86
		{2D1C5FFB-7960-4150-B5B2-390F0AB1D35F}.Debug|iPhone.Build.0 = Debug|x86
		{2D1C5FFB-7960-4150-B5B2-390F0AB1D35F}.Debug|iPhoneSimulator.ActiveCfg = Debug|x86
		{2D1C5FFB-7960-4150-B5B2-390F0AB1D35F}.Debug|iPhoneSimulator.Build.0 = Debug|x86
		{2D1C5FFB-7960-4150-B5B2-390F0AB1D35F}.Debug|x86.ActiveCfg = Debug|x86
		{2D1C5FFB-7960-4150-B5B2-390F0AB1D35F}.Debug|x86.Build.0 = Debug|x86
		{2D1C5FFB-7960-4150-B5B2-390F0AB1D35F}.Release|iPhone.ActiveCfg = Debug|x86
		{2D1C5FFB-7960-4150-B5B2-390F0AB1D35F}.Release|iPhone.Build.0 = Debug|x86
		{2D1C5FFB-7960-4150-B5B2-390F0AB1D35F}.Release|iPhoneSimulator.ActiveCfg = Debug|x86
		{2D1C5FFB-7960-4150-B5B2-390F0AB1D35F}.Release|iPhoneSimulator.Build.0 = Debug|x86
		{2D1C5FFB-7960-4150-B5B2-390F0AB1D35F}.Release|x86.ActiveCfg = Release|x86
		{2D1C5FFB-7960-4150-B5B2-390F0AB1D35F}.Release|x86.Build.0 = Release|x86
		{3B18D636-B984-45AC-9DB0-5072F2C34987}.Ad-Hoc|iPhone.ActiveCfg = Debug|x86
		{3B18D636-B984-45AC-9DB0-5072F2C34987}.Ad-Hoc|iPhone.Build.0 = Debug|x86
		{3B18D636-B984-45AC-9DB0-5072F2C34987}.AppStore|iPhone.ActiveCfg = Debug|x86
		{3B18D636-B984-45AC-9DB0-5072F2C34987}.AppStore|iPhone.Build.0 = Debug|x86
		{3B18D636-B984-45AC-9DB0-5072F2C34987}.Debug|iPhone.ActiveCfg = Debug|x86
		{3B18D636-B984-45AC-9DB0-5072F2C34987}.Debug|iPhone.Build.0 = Debug|x86
		{3B18D636-B984-45AC-9DB0-5072F2C34987}.Debug|iPhoneSimulator.ActiveCfg = Debug|x86
		{3B18D636-B984-45AC-9DB0-5072F2C34987}.Debug|iPhoneSimulator.Build.0 = Debug|x86
		{3B18D636-B984-45AC-9DB0-5072F2C34987}.Debug|x86.ActiveCfg = Debug|x86
		{3B18D636-B984-45AC-9DB0-5072F2C34987}.Debug|x86.Build.0 = Debug|x86
		{3B18D636-B984-45AC-9DB0-5072F2C34987}.Release|iPhone.ActiveCfg = Debug|x86
		{3B18D636-B984-45AC-9DB0-5072F2C34987}.Release|iPhone.Build.0 = Debug|x86
		{3B18D636-B984-45AC-9DB0-5072F2C34987}.Release|iPhoneSimulator.ActiveCfg = Debug|x86
		{3B18D636-B984-45AC-9DB0-5072F2C34987}.Release|iPhoneSimulator.Build.0 = Debug|x86
		{3B18D636-B984-45AC-9DB0-5072F2C34987}.Release|x86.ActiveCfg = Release|x86
		{3B18D636-B984-45AC-9DB0-5072F2C34987}.Release|x86.Build.0 = Release|x86
		{3DE506BA-E071-4ACC-A29B-6890D23C3EF2}.Ad-Hoc|iPhone.ActiveCfg = Debug|x86
		{3DE506BA-E071-4ACC-A29B-6890D23C3EF2}.Ad-Hoc|iPhone.Build.0 = Debug|x86
		{3DE506BA-E071-4ACC-A29B-6890D23C3EF2}.AppStore|iPhone.ActiveCfg = Debug|x86
		{3DE506BA-E071-4ACC-A29B-6890D23C3EF2}.AppStore|iPhone.Build.0 = Debug|x86
		{3DE506BA-E071-4ACC-A29B-6890D23C3EF2}.Debug|iPhone.ActiveCfg = Debug|x86
		{3DE506BA-E071-4ACC-A29B-6890D23C3EF2}.Debug|iPhone.Build.0 = Debug|x86
		{3DE506BA-E071-4ACC-A29B-6890D23C3EF2}.Debug|iPhoneSimulator.ActiveCfg = Debug|x86
		{3DE506BA-E071-4ACC-A29B-6890D23C3EF2}.Debug|iPhoneSimulator.Build.0 = Debug|x86
		{3DE506BA-E071-4ACC-A29B-6890D23C3EF2}.Debug|x86.ActiveCfg = Debug|x86
		{3DE506BA-E071-4ACC-A29B-6890D23C3EF2}.Debug|x86.Build.0 = Debug|x86
		{3DE506BA-E071-4ACC-A29B-6890D23C3EF2}.Release|iPhone.ActiveCfg = Debug|x86
		{3DE506BA-E071-4ACC-A29B-6890D23C3EF2}.Release|iPhone.Build.0 = Debug|x86
		{3DE506BA-E071-4ACC-A29B-6890D23C3EF2}.Release|iPhoneSimulator.ActiveCfg = Debug|x86
		{3DE506BA-E071-4ACC-A29B-6890D23C3EF2}.Release|iPhoneSimulator.Build.0 = Debug|x86
		{3DE506BA-E071-4ACC-A29B-6890D23C3EF2}.Release|x86.ActiveCfg = Release|x86
		{3DE506BA-E071-4ACC-A29B-6890D23C3EF2}.Release|x86.Build.0 = Release|x86
		{42784C5E-B51F-47BF-BA76-4731D496D1F7}.Ad-Hoc|iPhone.ActiveCfg = Debug|x86
		{42784C5E-B51F-47BF-BA76-4731D496D1F7}.Ad-Hoc|iPhone.Build.0 = Debug|x86
		{42784C5E-B51F-47BF-BA76-4731D496D1F7}.AppStore|iPhone.ActiveCfg = Debug|x86
		{42784C5E-B51F-47BF-BA76-4731D496D1F7}.AppStore|iPhone.Build.0 = Debug|x86
		{42784C5E-B51F-47BF-BA76-4731D496D1F7}.Debug|iPhone.ActiveCfg = Debug|x86
		{42784C5E-B51F-47BF-BA76-4731D496D1F7}.Debug|iPhone.Build.0 = Debug|x86
		{42784C5E-B51F-47BF-BA76-4731D496D1F7}.Debug|iPhoneSimulator.ActiveCfg = Debug|x86
		{42784C5E-B51F-47BF-BA76-4731D496D1F7}.Debug|iPhoneSimulator.Build.0 = Debug|x86
		{42784C5E-B51F-47BF-BA76-4731D496D1F7}.Debug|x86.ActiveCfg = Debug|x86
		{42784C5E-B51F-47BF-BA76-4731D496D1F7}.Debug|x86.Build.0 = Debug|x86
		{42784C5E-B51F-47BF-BA76-4731D496D1F7}.Release|iPhone.ActiveCfg = Debug|x86
		{42784C5E-B51F-47BF-BA76-4731D496D1F7}.Release|iPhone.Build.0 = Debug|x86
		{42784C5E-B51F-47BF-BA76-4731D496D1F7}.Release|iPhoneSimulator.ActiveCfg = Debug|x86
		{42784C5E-B51F-47BF-BA76-4731D496D1F7}.Release|iPhoneSimulator.Build.0 = Debug|x86
		{42784C5E-B51F-47BF-BA76-4731D496D1F7}.Release|x86.ActiveCfg = Release|x86
		{42784C5E-B51F-47BF-BA76-4731D496D1F7}.Release|x86.Build.0 = Release|x86
		{511D5A82-1D3A-4200-9ED6-6704AB8B6978}.Ad-Hoc|iPhone.ActiveCfg = Debug|x86
		{511D5A82-1D3A-4200-9ED6-6704AB8B6978}.Ad-Hoc|iPhone.Build.0 = Debug|x86
		{511D5A82-1D3A-4200-9ED6-6704AB8B6978}.AppStore|iPhone.ActiveCfg = Debug|x86
		{511D5A82-1D3A-4200-9ED6-6704AB8B6978}.AppStore|iPhone.Build.0 = Debug|x86
		{511D5A82-1D3A-4200-9ED6-6704AB8B6978}.Debug|iPhone.ActiveCfg = Debug|x86
		{511D5A82-1D3A-4200-9ED6-6704AB8B6978}.Debug|x86.ActiveCfg = Debug|x86
		{511D5A82-1D3A-4200-9ED6-6704AB8B6978}.Debug|x86.Build.0 = Debug|x86
		{511D5A82-1D3A-4200-9ED6-6704AB8B6978}.Release|x86.ActiveCfg = Debug|x86
		{511D5A82-1D3A-4200-9ED6-6704AB8B6978}.Release|x86.Build.0 = Debug|x86
		{531D8B1D-58BE-4C66-9EB1-912548928508}.Ad-Hoc|iPhone.ActiveCfg = Debug|x86
		{531D8B1D-58BE-4C66-9EB1-912548928508}.Ad-Hoc|iPhone.Build.0 = Debug|x86
		{531D8B1D-58BE-4C66-9EB1-912548928508}.AppStore|iPhone.ActiveCfg = Debug|x86
		{531D8B1D-58BE-4C66-9EB1-912548928508}.AppStore|iPhone.Build.0 = Debug|x86
		{531D8B1D-58BE-4C66-9EB1-912548928508}.Debug|iPhone.ActiveCfg = Debug|x86
		{531D8B1D-58BE-4C66-9EB1-912548928508}.Debug|iPhoneSimulator.ActiveCfg = Debug|x86
		{531D8B1D-58BE-4C66-9EB1-912548928508}.Debug|iPhoneSimulator.Build.0 = Debug|x86
		{531D8B1D-58BE-4C66-9EB1-912548928508}.Debug|x86.ActiveCfg = Debug|x86
		{531D8B1D-58BE-4C66-9EB1-912548928508}.Debug|x86.Build.0 = Debug|x86
		{531D8B1D-58BE-4C66-9EB1-912548928508}.Release|iPhone.ActiveCfg = Debug|x86
		{531D8B1D-58BE-4C66-9EB1-912548928508}.Release|iPhone.Build.0 = Debug|x86
		{531D8B1D-58BE-4C66-9EB1-912548928508}.Release|iPhoneSimulator.ActiveCfg = Debug|x86
		{531D8B1D-58BE-4C66-9EB1-912548928508}.Release|iPhoneSimulator.Build.0 = Debug|x86
		{531D8B1D-58BE-4C66-9EB1-912548928508}.Release|x86.ActiveCfg = Release|x86
		{531D8B1D-58BE-4C66-9EB1-912548928508}.Release|x86.Build.0 = Release|x86
		{5A0CA1D0-7D83-4A80-9AED-7B01BB504BE1}.Ad-Hoc|iPhone.ActiveCfg = Debug|x86
		{5A0CA1D0-7D83-4A80-9AED-7B01BB504BE1}.Ad-Hoc|iPhone.Build.0 = Debug|x86
		{5A0CA1D0-7D83-4A80-9AED-7B01BB504BE1}.AppStore|iPhone.ActiveCfg = Debug|x86
		{5A0CA1D0-7D83-4A80-9AED-7B01BB504BE1}.AppStore|iPhone.Build.0 = Debug|x86
		{5A0CA1D0-7D83-4A80-9AED-7B01BB504BE1}.Debug|x86.ActiveCfg = Debug|x86
		{5A0CA1D0-7D83-4A80-9AED-7B01BB504BE1}.Debug|x86.Build.0 = Debug|x86
		{5A0CA1D0-7D83-4A80-9AED-7B01BB504BE1}.Release|x86.ActiveCfg = Debug|x86
		{5A0CA1D0-7D83-4A80-9AED-7B01BB504BE1}.Release|x86.Build.0 = Debug|x86
		{5BE6D79A-E6EB-4DB6-AC7F-9FA3BB4A3D11}.Ad-Hoc|iPhone.ActiveCfg = Debug|x86
		{5BE6D79A-E6EB-4DB6-AC7F-9FA3BB4A3D11}.Ad-Hoc|iPhone.Build.0 = Debug|x86
		{5BE6D79A-E6EB-4DB6-AC7F-9FA3BB4A3D11}.AppStore|iPhone.ActiveCfg = Debug|x86
		{5BE6D79A-E6EB-4DB6-AC7F-9FA3BB4A3D11}.AppStore|iPhone.Build.0 = Debug|x86
		{5BE6D79A-E6EB-4DB6-AC7F-9FA3BB4A3D11}.Debug|iPhone.ActiveCfg = Debug|x86
		{5BE6D79A-E6EB-4DB6-AC7F-9FA3BB4A3D11}.Debug|iPhone.Build.0 = Debug|x86
		{5BE6D79A-E6EB-4DB6-AC7F-9FA3BB4A3D11}.Debug|x86.ActiveCfg = Debug|x86
		{5BE6D79A-E6EB-4DB6-AC7F-9FA3BB4A3D11}.Debug|x86.Build.0 = Debug|x86
		{5BE6D79A-E6EB-4DB6-AC7F-9FA3BB4A3D11}.Release|x86.ActiveCfg = Debug|x86
		{5BE6D79A-E6EB-4DB6-AC7F-9FA3BB4A3D11}.Release|x86.Build.0 = Debug|x86
		{77FC8274-0E08-4370-8804-9ED12D47B002}.Ad-Hoc|iPhone.ActiveCfg = Debug|x86
		{77FC8274-0E08-4370-8804-9ED12D47B002}.Ad-Hoc|iPhone.Build.0 = Debug|x86
		{77FC8274-0E08-4370-8804-9ED12D47B002}.AppStore|iPhone.ActiveCfg = Debug|x86
		{77FC8274-0E08-4370-8804-9ED12D47B002}.AppStore|iPhone.Build.0 = Debug|x86
		{77FC8274-0E08-4370-8804-9ED12D47B002}.Debug|iPhone.ActiveCfg = Debug|x86
		{77FC8274-0E08-4370-8804-9ED12D47B002}.Debug|iPhone.Build.0 = Debug|x86
		{77FC8274-0E08-4370-8804-9ED12D47B002}.Debug|iPhoneSimulator.ActiveCfg = Debug|x86
		{77FC8274-0E08-4370-8804-9ED12D47B002}.Debug|iPhoneSimulator.Build.0 = Debug|x86
		{77FC8274-0E08-4370-8804-9ED12D47B002}.Debug|x86.ActiveCfg = Debug|x86
		{77FC8274-0E08-4370-8804-9ED12D47B002}.Debug|x86.Build.0 = Debug|x86
		{77FC8274-0E08-4370-8804-9ED12D47B002}.Release|iPhone.ActiveCfg = Debug|x86
		{77FC8274-0E08-4370-8804-9ED12D47B002}.Release|iPhone.Build.0 = Debug|x86
		{77FC8274-0E08-4370-8804-9ED12D47B002}.Release|iPhoneSimulator.ActiveCfg = Debug|x86
		{77FC8274-0E08-4370-8804-9ED12D47B002}.Release|iPhoneSimulator.Build.0 = Debug|x86
		{77FC8274-0E08-4370-8804-9ED12D47B002}.Release|x86.ActiveCfg = Release|x86
		{77FC8274-0E08-4370-8804-9ED12D47B002}.Release|x86.Build.0 = Release|x86
		{7FA9B58F-9F21-460B-9CD9-C0558FFBF21F}.Ad-Hoc|iPhone.ActiveCfg = Debug|x86
		{7FA9B58F-9F21-460B-9CD9-C0558FFBF21F}.Ad-Hoc|iPhone.Build.0 = Debug|x86
		{7FA9B58F-9F21-460B-9CD9-C0558FFBF21F}.AppStore|iPhone.ActiveCfg = Debug|x86
		{7FA9B58F-9F21-460B-9CD9-C0558FFBF21F}.AppStore|iPhone.Build.0 = Debug|x86
		{7FA9B58F-9F21-460B-9CD9-C0558FFBF21F}.Debug|iPhone.ActiveCfg = Debug|x86
		{7FA9B58F-9F21-460B-9CD9-C0558FFBF21F}.Debug|x86.ActiveCfg = Debug|x86
		{7FA9B58F-9F21-460B-9CD9-C0558FFBF21F}.Debug|x86.Build.0 = Debug|x86
		{7FA9B58F-9F21-460B-9CD9-C0558FFBF21F}.Release|x86.ActiveCfg = Debug|x86
		{7FA9B58F-9F21-460B-9CD9-C0558FFBF21F}.Release|x86.Build.0 = Debug|x86
		{97E0A02C-D46A-4057-88B2-E13C7C356883}.Ad-Hoc|iPhone.ActiveCfg = Debug|x86
		{97E0A02C-D46A-4057-88B2-E13C7C356883}.Ad-Hoc|iPhone.Build.0 = Debug|x86
		{97E0A02C-D46A-4057-88B2-E13C7C356883}.AppStore|iPhone.ActiveCfg = Debug|x86
		{97E0A02C-D46A-4057-88B2-E13C7C356883}.AppStore|iPhone.Build.0 = Debug|x86
		{97E0A02C-D46A-4057-88B2-E13C7C356883}.Debug|iPhone.ActiveCfg = Debug|x86
		{97E0A02C-D46A-4057-88B2-E13C7C356883}.Debug|iPhone.Build.0 = Debug|x86
		{97E0A02C-D46A-4057-88B2-E13C7C356883}.Debug|iPhoneSimulator.ActiveCfg = Debug|x86
		{97E0A02C-D46A-4057-88B2-E13C7C356883}.Debug|iPhoneSimulator.Build.0 = Debug|x86
		{97E0A02C-D46A-4057-88B2-E13C7C356883}.Debug|x86.ActiveCfg = Debug|x86
		{97E0A02C-D46A-4057-88B2-E13C7C356883}.Debug|x86.Build.0 = Debug|x86
		{97E0A02C-D46A-4057-88B2-E13C7C356883}.Release|iPhone.ActiveCfg = Release|x86
		{97E0A02C-D46A-4057-88B2-E13C7C356883}.Release|iPhone.Build.0 = Release|x86
		{97E0A02C-D46A-4057-88B2-E13C7C356883}.Release|iPhoneSimulator.ActiveCfg = Release|x86
		{97E0A02C-D46A-4057-88B2-E13C7C356883}.Release|iPhoneSimulator.Build.0 = Release|x86
		{97E0A02C-D46A-4057-88B2-E13C7C356883}.Release|x86.ActiveCfg = Release|x86
		{97E0A02C-D46A-4057-88B2-E13C7C356883}.Release|x86.Build.0 = Release|x86
		{A12611BE-A125-43A4-A6E8-20D8E02C4F29}.Ad-Hoc|iPhone.ActiveCfg = Debug|x86
		{A12611BE-A125-43A4-A6E8-20D8E02C4F29}.Ad-Hoc|iPhone.Build.0 = Debug|x86
		{A12611BE-A125-43A4-A6E8-20D8E02C4F29}.AppStore|iPhone.ActiveCfg = Debug|x86
		{A12611BE-A125-43A4-A6E8-20D8E02C4F29}.AppStore|iPhone.Build.0 = Debug|x86
		{A12611BE-A125-43A4-A6E8-20D8E02C4F29}.Debug|iPhone.ActiveCfg = Debug|x86
		{A12611BE-A125-43A4-A6E8-20D8E02C4F29}.Debug|iPhone.Build.0 = Debug|x86
		{A12611BE-A125-43A4-A6E8-20D8E02C4F29}.Debug|iPhoneSimulator.ActiveCfg = Debug|x86
		{A12611BE-A125-43A4-A6E8-20D8E02C4F29}.Debug|iPhoneSimulator.Build.0 = Debug|x86
		{A12611BE-A125-43A4-A6E8-20D8E02C4F29}.Debug|x86.ActiveCfg = Debug|x86
		{A12611BE-A125-43A4-A6E8-20D8E02C4F29}.Debug|x86.Build.0 = Debug|x86
		{A12611BE-A125-43A4-A6E8-20D8E02C4F29}.Release|iPhone.ActiveCfg = Debug|x86
		{A12611BE-A125-43A4-A6E8-20D8E02C4F29}.Release|iPhone.Build.0 = Debug|x86
		{A12611BE-A125-43A4-A6E8-20D8E02C4F29}.Release|iPhoneSimulator.ActiveCfg = Debug|x86
		{A12611BE-A125-43A4-A6E8-20D8E02C4F29}.Release|iPhoneSimulator.Build.0 = Debug|x86
		{A12611BE-A125-43A4-A6E8-20D8E02C4F29}.Release|x86.ActiveCfg = Release|x86
		{A12611BE-A125-43A4-A6E8-20D8E02C4F29}.Release|x86.Build.0 = Release|x86
		{AFC793F1-60E7-42D4-AEFF-20EFA28D6BC3}.Ad-Hoc|iPhone.ActiveCfg = Debug|x86
		{AFC793F1-60E7-42D4-AEFF-20EFA28D6BC3}.Ad-Hoc|iPhone.Build.0 = Debug|x86
		{AFC793F1-60E7-42D4-AEFF-20EFA28D6BC3}.AppStore|iPhone.ActiveCfg = Debug|x86
		{AFC793F1-60E7-42D4-AEFF-20EFA28D6BC3}.AppStore|iPhone.Build.0 = Debug|x86
		{AFC793F1-60E7-42D4-AEFF-20EFA28D6BC3}.Debug|iPhone.ActiveCfg = Debug|x86
		{AFC793F1-60E7-42D4-AEFF-20EFA28D6BC3}.Debug|iPhone.Build.0 = Debug|x86
		{AFC793F1-60E7-42D4-AEFF-20EFA28D6BC3}.Debug|iPhoneSimulator.ActiveCfg = Debug|x86
		{AFC793F1-60E7-42D4-AEFF-20EFA28D6BC3}.Debug|iPhoneSimulator.Build.0 = Debug|x86
		{AFC793F1-60E7-42D4-AEFF-20EFA28D6BC3}.Debug|x86.ActiveCfg = Debug|x86
		{AFC793F1-60E7-42D4-AEFF-20EFA28D6BC3}.Debug|x86.Build.0 = Debug|x86
		{AFC793F1-60E7-42D4-AEFF-20EFA28D6BC3}.Release|iPhone.ActiveCfg = Debug|x86
		{AFC793F1-60E7-42D4-AEFF-20EFA28D6BC3}.Release|iPhone.Build.0 = Debug|x86
		{AFC793F1-60E7-42D4-AEFF-20EFA28D6BC3}.Release|iPhoneSimulator.ActiveCfg = Debug|x86
		{AFC793F1-60E7-42D4-AEFF-20EFA28D6BC3}.Release|iPhoneSimulator.Build.0 = Debug|x86
		{AFC793F1-60E7-42D4-AEFF-20EFA28D6BC3}.Release|x86.ActiveCfg = Release|x86
		{AFC793F1-60E7-42D4-AEFF-20EFA28D6BC3}.Release|x86.Build.0 = Release|x86
		{B504B06C-10CB-4440-89DD-7DE34FB86159}.Ad-Hoc|iPhone.ActiveCfg = Debug|x86
		{B504B06C-10CB-4440-89DD-7DE34FB86159}.Ad-Hoc|iPhone.Build.0 = Debug|x86
		{B504B06C-10CB-4440-89DD-7DE34FB86159}.AppStore|iPhone.ActiveCfg = Debug|x86
		{B504B06C-10CB-4440-89DD-7DE34FB86159}.AppStore|iPhone.Build.0 = Debug|x86
		{B504B06C-10CB-4440-89DD-7DE34FB86159}.Debug|iPhone.ActiveCfg = Debug|x86
		{B504B06C-10CB-4440-89DD-7DE34FB86159}.Debug|iPhone.Build.0 = Debug|x86
		{B504B06C-10CB-4440-89DD-7DE34FB86159}.Debug|iPhoneSimulator.ActiveCfg = Debug|x86
		{B504B06C-10CB-4440-89DD-7DE34FB86159}.Debug|iPhoneSimulator.Build.0 = Debug|x86
		{B504B06C-10CB-4440-89DD-7DE34FB86159}.Debug|x86.ActiveCfg = Debug|x86
		{B504B06C-10CB-4440-89DD-7DE34FB86159}.Debug|x86.Build.0 = Debug|x86
		{B504B06C-10CB-4440-89DD-7DE34FB86159}.Release|iPhone.ActiveCfg = Release|x86
		{B504B06C-10CB-4440-89DD-7DE34FB86159}.Release|iPhone.Build.0 = Release|x86
		{B504B06C-10CB-4440-89DD-7DE34FB86159}.Release|iPhoneSimulator.ActiveCfg = Release|x86
		{B504B06C-10CB-4440-89DD-7DE34FB86159}.Release|iPhoneSimulator.Build.0 = Release|x86
		{B504B06C-10CB-4440-89DD-7DE34FB86159}.Release|x86.ActiveCfg = Release|x86
		{B504B06C-10CB-4440-89DD-7DE34FB86159}.Release|x86.Build.0 = Release|x86
		{BC7CECDF-7202-489E-ACB2-16886D8BBB3C}.Ad-Hoc|iPhone.ActiveCfg = Debug|x86
		{BC7CECDF-7202-489E-ACB2-16886D8BBB3C}.Ad-Hoc|iPhone.Build.0 = Debug|x86
		{BC7CECDF-7202-489E-ACB2-16886D8BBB3C}.AppStore|iPhone.ActiveCfg = Debug|x86
		{BC7CECDF-7202-489E-ACB2-16886D8BBB3C}.AppStore|iPhone.Build.0 = Debug|x86
		{BC7CECDF-7202-489E-ACB2-16886D8BBB3C}.Debug|iPhone.ActiveCfg = Debug|x86
		{BC7CECDF-7202-489E-ACB2-16886D8BBB3C}.Debug|iPhone.Build.0 = Debug|x86
		{BC7CECDF-7202-489E-ACB2-16886D8BBB3C}.Debug|iPhoneSimulator.ActiveCfg = Debug|x86
		{BC7CECDF-7202-489E-ACB2-16886D8BBB3C}.Debug|iPhoneSimulator.Build.0 = Debug|x86
		{BC7CECDF-7202-489E-ACB2-16886D8BBB3C}.Debug|x86.ActiveCfg = Debug|x86
		{BC7CECDF-7202-489E-ACB2-16886D8BBB3C}.Debug|x86.Build.0 = Debug|x86
		{BC7CECDF-7202-489E-ACB2-16886D8BBB3C}.Release|iPhone.ActiveCfg = Debug|x86
		{BC7CECDF-7202-489E-ACB2-16886D8BBB3C}.Release|iPhone.Build.0 = Debug|x86
		{BC7CECDF-7202-489E-ACB2-16886D8BBB3C}.Release|iPhoneSimulator.ActiveCfg = Debug|x86
		{BC7CECDF-7202-489E-ACB2-16886D8BBB3C}.Release|iPhoneSimulator.Build.0 = Debug|x86
		{BC7CECDF-7202-489E-ACB2-16886D8BBB3C}.Release|x86.ActiveCfg = Release|x86
		{BC7CECDF-7202-489E-ACB2-16886D8BBB3C}.Release|x86.Build.0 = Release|x86
		{BF14EB2D-669E-40AC-AB5F-693A5C0A5A9F}.Ad-Hoc|iPhone.ActiveCfg = Debug|x86
		{BF14EB2D-669E-40AC-AB5F-693A5C0A5A9F}.Ad-Hoc|iPhone.Build.0 = Debug|x86
		{BF14EB2D-669E-40AC-AB5F-693A5C0A5A9F}.AppStore|iPhone.ActiveCfg = Debug|x86
		{BF14EB2D-669E-40AC-AB5F-693A5C0A5A9F}.AppStore|iPhone.Build.0 = Debug|x86
		{BF14EB2D-669E-40AC-AB5F-693A5C0A5A9F}.Debug|iPhone.ActiveCfg = Debug|x86
		{BF14EB2D-669E-40AC-AB5F-693A5C0A5A9F}.Debug|iPhone.Build.0 = Debug|x86
		{BF14EB2D-669E-40AC-AB5F-693A5C0A5A9F}.Debug|iPhoneSimulator.ActiveCfg = Debug|x86
		{BF14EB2D-669E-40AC-AB5F-693A5C0A5A9F}.Debug|iPhoneSimulator.Build.0 = Debug|x86
		{BF14EB2D-669E-40AC-AB5F-693A5C0A5A9F}.Debug|x86.ActiveCfg = Debug|x86
		{BF14EB2D-669E-40AC-AB5F-693A5C0A5A9F}.Debug|x86.Build.0 = Debug|x86
		{BF14EB2D-669E-40AC-AB5F-693A5C0A5A9F}.Release|iPhone.ActiveCfg = Release|x86
		{BF14EB2D-669E-40AC-AB5F-693A5C0A5A9F}.Release|iPhone.Build.0 = Release|x86
		{BF14EB2D-669E-40AC-AB5F-693A5C0A5A9F}.Release|iPhoneSimulator.ActiveCfg = Release|x86
		{BF14EB2D-669E-40AC-AB5F-693A5C0A5A9F}.Release|iPhoneSimulator.Build.0 = Release|x86
		{BF14EB2D-669E-40AC-AB5F-693A5C0A5A9F}.Release|x86.ActiveCfg = Release|x86
		{BF14EB2D-669E-40AC-AB5F-693A5C0A5A9F}.Release|x86.Build.0 = Release|x86
		{D1CE1D2C-12FC-4757-B1B1-77D07267E8D4}.Ad-Hoc|iPhone.ActiveCfg = Debug|x86
		{D1CE1D2C-12FC-4757-B1B1-77D07267E8D4}.Ad-Hoc|iPhone.Build.0 = Debug|x86
		{D1CE1D2C-12FC-4757-B1B1-77D07267E8D4}.AppStore|iPhone.ActiveCfg = Debug|x86
		{D1CE1D2C-12FC-4757-B1B1-77D07267E8D4}.AppStore|iPhone.Build.0 = Debug|x86
		{D1CE1D2C-12FC-4757-B1B1-77D07267E8D4}.Debug|iPhone.ActiveCfg = Debug|x86
		{D1CE1D2C-12FC-4757-B1B1-77D07267E8D4}.Debug|iPhone.Build.0 = Debug|x86
		{D1CE1D2C-12FC-4757-B1B1-77D07267E8D4}.Debug|iPhoneSimulator.ActiveCfg = Debug|x86
		{D1CE1D2C-12FC-4757-B1B1-77D07267E8D4}.Debug|iPhoneSimulator.Build.0 = Debug|x86
		{D1CE1D2C-12FC-4757-B1B1-77D07267E8D4}.Debug|x86.ActiveCfg = Debug|x86
		{D1CE1D2C-12FC-4757-B1B1-77D07267E8D4}.Debug|x86.Build.0 = Debug|x86
		{D1CE1D2C-12FC-4757-B1B1-77D07267E8D4}.Release|iPhone.ActiveCfg = Debug|x86
		{D1CE1D2C-12FC-4757-B1B1-77D07267E8D4}.Release|iPhone.Build.0 = Debug|x86
		{D1CE1D2C-12FC-4757-B1B1-77D07267E8D4}.Release|iPhoneSimulator.ActiveCfg = Debug|x86
		{D1CE1D2C-12FC-4757-B1B1-77D07267E8D4}.Release|iPhoneSimulator.Build.0 = Debug|x86
		{D1CE1D2C-12FC-4757-B1B1-77D07267E8D4}.Release|x86.ActiveCfg = Release|x86
		{D1CE1D2C-12FC-4757-B1B1-77D07267E8D4}.Release|x86.Build.0 = Release|x86
		{D2814BA7-628F-43E4-8DAC-CF85CF129A50}.Ad-Hoc|iPhone.ActiveCfg = Debug|x86
		{D2814BA7-628F-43E4-8DAC-CF85CF129A50}.Ad-Hoc|iPhone.Build.0 = Debug|x86
		{D2814BA7-628F-43E4-8DAC-CF85CF129A50}.AppStore|iPhone.ActiveCfg = Debug|x86
		{D2814BA7-628F-43E4-8DAC-CF85CF129A50}.AppStore|iPhone.Build.0 = Debug|x86
		{D2814BA7-628F-43E4-8DAC-CF85CF129A50}.Debug|iPhone.ActiveCfg = Debug|x86
		{D2814BA7-628F-43E4-8DAC-CF85CF129A50}.Debug|iPhone.Build.0 = Debug|x86
		{D2814BA7-628F-43E4-8DAC-CF85CF129A50}.Debug|iPhoneSimulator.ActiveCfg = Debug|x86
		{D2814BA7-628F-43E4-8DAC-CF85CF129A50}.Debug|iPhoneSimulator.Build.0 = Debug|x86
		{D2814BA7-628F-43E4-8DAC-CF85CF129A50}.Debug|x86.ActiveCfg = Debug|x86
		{D2814BA7-628F-43E4-8DAC-CF85CF129A50}.Debug|x86.Build.0 = Debug|x86
		{D2814BA7-628F-43E4-8DAC-CF85CF129A50}.Release|iPhone.ActiveCfg = Release|x86
		{D2814BA7-628F-43E4-8DAC-CF85CF129A50}.Release|iPhone.Build.0 = Release|x86
		{D2814BA7-628F-43E4-8DAC-CF85CF129A50}.Release|iPhoneSimulator.ActiveCfg = Release|x86
		{D2814BA7-628F-43E4-8DAC-CF85CF129A50}.Release|iPhoneSimulator.Build.0 = Release|x86
		{D2814BA7-628F-43E4-8DAC-CF85CF129A50}.Release|x86.ActiveCfg = Release|x86
		{D2814BA7-628F-43E4-8DAC-CF85CF129A50}.Release|x86.Build.0 = Release|x86
		{DDDD9FFA-2E14-49AD-8021-9096FDB04992}.Ad-Hoc|iPhone.ActiveCfg = Debug|x86
		{DDDD9FFA-2E14-49AD-8021-9096FDB04992}.Ad-Hoc|iPhone.Build.0 = Debug|x86
		{DDDD9FFA-2E14-49AD-8021-9096FDB04992}.AppStore|iPhone.ActiveCfg = Debug|x86
		{DDDD9FFA-2E14-49AD-8021-9096FDB04992}.AppStore|iPhone.Build.0 = Debug|x86
		{DDDD9FFA-2E14-49AD-8021-9096FDB04992}.Debug|iPhone.ActiveCfg = Debug|x86
		{DDDD9FFA-2E14-49AD-8021-9096FDB04992}.Debug|iPhone.Build.0 = Debug|x86
		{DDDD9FFA-2E14-49AD-8021-9096FDB04992}.Debug|iPhoneSimulator.ActiveCfg = Debug|x86
		{DDDD9FFA-2E14-49AD-8021-9096FDB04992}.Debug|iPhoneSimulator.Build.0 = Debug|x86
		{DDDD9FFA-2E14-49AD-8021-9096FDB04992}.Debug|x86.ActiveCfg = Debug|x86
		{DDDD9FFA-2E14-49AD-8021-9096FDB04992}.Debug|x86.Build.0 = Debug|x86
		{DDDD9FFA-2E14-49AD-8021-9096FDB04992}.Release|iPhone.ActiveCfg = Debug|x86
		{DDDD9FFA-2E14-49AD-8021-9096FDB04992}.Release|iPhone.Build.0 = Debug|x86
		{DDDD9FFA-2E14-49AD-8021-9096FDB04992}.Release|iPhoneSimulator.ActiveCfg = Debug|x86
		{DDDD9FFA-2E14-49AD-8021-9096FDB04992}.Release|iPhoneSimulator.Build.0 = Debug|x86
		{DDDD9FFA-2E14-49AD-8021-9096FDB04992}.Release|x86.ActiveCfg = Release|x86
		{DDDD9FFA-2E14-49AD-8021-9096FDB04992}.Release|x86.Build.0 = Release|x86
		{E9A1CA4C-9637-4562-85B7-EE768565A37D}.Ad-Hoc|iPhone.ActiveCfg = Debug|x86
		{E9A1CA4C-9637-4562-85B7-EE768565A37D}.Ad-Hoc|iPhone.Build.0 = Debug|x86
		{E9A1CA4C-9637-4562-85B7-EE768565A37D}.AppStore|iPhone.ActiveCfg = Debug|x86
		{E9A1CA4C-9637-4562-85B7-EE768565A37D}.AppStore|iPhone.Build.0 = Debug|x86
		{E9A1CA4C-9637-4562-85B7-EE768565A37D}.Debug|iPhone.ActiveCfg = Debug|x86
		{E9A1CA4C-9637-4562-85B7-EE768565A37D}.Debug|iPhone.Build.0 = Debug|x86
		{E9A1CA4C-9637-4562-85B7-EE768565A37D}.Debug|iPhoneSimulator.ActiveCfg = Debug|x86
		{E9A1CA4C-9637-4562-85B7-EE768565A37D}.Debug|iPhoneSimulator.Build.0 = Debug|x86
		{E9A1CA4C-9637-4562-85B7-EE768565A37D}.Debug|x86.ActiveCfg = Debug|x86
		{E9A1CA4C-9637-4562-85B7-EE768565A37D}.Debug|x86.Build.0 = Debug|x86
		{E9A1CA4C-9637-4562-85B7-EE768565A37D}.Release|iPhone.ActiveCfg = Debug|x86
		{E9A1CA4C-9637-4562-85B7-EE768565A37D}.Release|iPhone.Build.0 = Debug|x86
		{E9A1CA4C-9637-4562-85B7-EE768565A37D}.Release|iPhoneSimulator.ActiveCfg = Debug|x86
		{E9A1CA4C-9637-4562-85B7-EE768565A37D}.Release|iPhoneSimulator.Build.0 = Debug|x86
		{E9A1CA4C-9637-4562-85B7-EE768565A37D}.Release|x86.ActiveCfg = Release|x86
		{E9A1CA4C-9637-4562-85B7-EE768565A37D}.Release|x86.Build.0 = Release|x86
	EndGlobalSection
	GlobalSection(MonoDevelopProperties) = preSolution
		StartupItem = BasicUI\BasicUI.csproj
	EndGlobalSection
EndGlobal
