
Microsoft Visual Studio Solution File, Format Version 11.00
# Visual Studio 2010
Project("{FAE04EC0-301F-11D3-BF4B-00C04F79EFBC}") = "GameStack.Desktop.Bindings", "Desktop\bindings\GameStack.Desktop.Bindings.csproj", "{EEA75F42-6E10-4607-9957-3A7FF66FC0A7}"
EndProject
Project("{FAE04EC0-301F-11D3-BF4B-00C04F79EFBC}") = "GameStack.Pipeline", "pipeline\GameStack.Pipeline.csproj", "{24C81D9C-0BB2-4E26-BA36-E7AC8C9727BE}"
EndProject
Project("{FAE04EC0-301F-11D3-BF4B-00C04F79EFBC}") = "Import", "pipeline\import\Import.csproj", "{CBACB988-65D2-4C5B-B268-309A1BF17D90}"
EndProject
Project("{FAE04EC0-301F-11D3-BF4B-00C04F79EFBC}") = "Temp", "tmp\desktop\Temp.csproj", "{F806C460-A5B9-4DB2-8356-4B8AE8820F14}"
EndProject
Project("{D954291E-2A0B-460D-934E-DC6B0785DB48}") = "GameStack.Shared", "shared\GameStack.Shared.shproj", "{3107B7A2-20CE-47DB-87FE-2169344B4D2D}"
EndProject
Project("{FAE04EC0-301F-11D3-BF4B-00C04F79EFBC}") = "GameStack.Desktop", "Desktop\GameStack.Desktop.csproj", "{F616E57C-F618-4994-8F94-A6B78247AC6D}"
EndProject
Project("{D954291E-2A0B-460D-934E-DC6B0785DB48}") = "GameStack.Shared.Bindings", "shared\bindings\GameStack.Shared.Bindings.shproj", "{247588CC-3D44-4E88-AA21-F78584895C4D}"
EndProject
Project("{D954291E-2A0B-460D-934E-DC6B0785DB48}") = "Temp.Shared", "tmp\shared\Temp.Shared.shproj", "{FEAC4115-B926-41FA-9146-0D8ACA3ADB6E}"
EndProject
Global
	GlobalSection(SolutionConfigurationPlatforms) = preSolution
		Debug|Any CPU = Debug|Any CPU
		Release|Any CPU = Release|Any CPU
	EndGlobalSection
	GlobalSection(ProjectConfigurationPlatforms) = postSolution
		{24C81D9C-0BB2-4E26-BA36-E7AC8C9727BE}.Debug|Any CPU.ActiveCfg = Debug|Any CPU
		{24C81D9C-0BB2-4E26-BA36-E7AC8C9727BE}.Debug|Any CPU.Build.0 = Debug|Any CPU
		{24C81D9C-0BB2-4E26-BA36-E7AC8C9727BE}.Release|Any CPU.ActiveCfg = Release|Any CPU
		{24C81D9C-0BB2-4E26-BA36-E7AC8C9727BE}.Release|Any CPU.Build.0 = Release|Any CPU
		{CBACB988-65D2-4C5B-B268-309A1BF17D90}.Debug|Any CPU.ActiveCfg = Debug|Any CPU
		{CBACB988-65D2-4C5B-B268-309A1BF17D90}.Debug|Any CPU.Build.0 = Debug|Any CPU
		{CBACB988-65D2-4C5B-B268-309A1BF17D90}.Release|Any CPU.ActiveCfg = Release|Any CPU
		{CBACB988-65D2-4C5B-B268-309A1BF17D90}.Release|Any CPU.Build.0 = Release|Any CPU
		{EEA75F42-6E10-4607-9957-3A7FF66FC0A7}.Debug|Any CPU.ActiveCfg = Debug|Any CPU
		{EEA75F42-6E10-4607-9957-3A7FF66FC0A7}.Debug|Any CPU.Build.0 = Debug|Any CPU
		{EEA75F42-6E10-4607-9957-3A7FF66FC0A7}.Release|Any CPU.ActiveCfg = Release|Any CPU
		{EEA75F42-6E10-4607-9957-3A7FF66FC0A7}.Release|Any CPU.Build.0 = Release|Any CPU
		{F616E57C-F618-4994-8F94-A6B78247AC6D}.Debug|Any CPU.ActiveCfg = Debug|Any CPU
		{F616E57C-F618-4994-8F94-A6B78247AC6D}.Debug|Any CPU.Build.0 = Debug|Any CPU
		{F616E57C-F618-4994-8F94-A6B78247AC6D}.Release|Any CPU.ActiveCfg = Release|Any CPU
		{F616E57C-F618-4994-8F94-A6B78247AC6D}.Release|Any CPU.Build.0 = Release|Any CPU
		{F806C460-A5B9-4DB2-8356-4B8AE8820F14}.Debug|Any CPU.ActiveCfg = Debug|Any CPU
		{F806C460-A5B9-4DB2-8356-4B8AE8820F14}.Debug|Any CPU.Build.0 = Debug|Any CPU
		{F806C460-A5B9-4DB2-8356-4B8AE8820F14}.Release|Any CPU.ActiveCfg = Release|Any CPU
		{F806C460-A5B9-4DB2-8356-4B8AE8820F14}.Release|Any CPU.Build.0 = Release|Any CPU
	EndGlobalSection
	GlobalSection(MonoDevelopProperties) = preSolution
		Policies = $0
		$0.TextStylePolicy = $1
		$1.FileWidth = 120
		$1.TabsToSpaces = False
		$1.EolMarker = Unix
		$1.inheritsSet = VisualStudio
		$1.inheritsScope = text/plain
		$1.scope = text/x-csharp
		$0.CSharpFormattingPolicy = $2
		$2.IndentSwitchBody = True
		$2.NamespaceBraceStyle = EndOfLine
		$2.ClassBraceStyle = EndOfLine
		$2.InterfaceBraceStyle = EndOfLine
		$2.StructBraceStyle = EndOfLine
		$2.EnumBraceStyle = EndOfLine
		$2.MethodBraceStyle = EndOfLine
		$2.ConstructorBraceStyle = EndOfLine
		$2.DestructorBraceStyle = EndOfLine
		$2.BeforeMethodCallParentheses = False
		$2.NewLineBeforeConstructorInitializerColon = NewLine
		$2.NewLineAfterConstructorInitializerColon = SameLine
		$2.AfterDelegateDeclarationParameterComma = True
		$2.NewParentheses = False
		$2.SpacesBeforeBrackets = False
		$2.inheritsSet = Mono
		$2.inheritsScope = text/x-csharp
		$2.scope = text/x-csharp
	EndGlobalSection
EndGlobal
